
Microsoft Visual Studio Solution File, Format Version 12.00
# Visual Studio 15
Project("{FAE04EC0-301F-11D3-BF4B-00C04F79EFBC}") = "Assembly-CSharp-Editor", "Assembly-CSharp-Editor.csproj", "{5A19353C-D215-21DE-C21A-D779E788AA93}"
EndProject
Project("{FAE04EC0-301F-11D3-BF4B-00C04F79EFBC}") = "Adobe.Substance", "Adobe.Substance.csproj", "{93BE5C4F-D1CB-ACC5-A973-0C53221D5636}"
EndProject
Project("{FAE04EC0-301F-11D3-BF4B-00C04F79EFBC}") = "Assembly-CSharp", "Assembly-CSharp.csproj", "{9F9F4AC5-7361-F3D0-6299-52F8D78418F4}"
EndProject
Project("{FAE04EC0-301F-11D3-BF4B-00C04F79EFBC}") = "Adobe.SubstanceEditor", "Adobe.SubstanceEditor.csproj", "{2AA93668-27F0-C901-5055-7C0916EBA5BC}"
EndProject
Project("{FAE04EC0-301F-11D3-BF4B-00C04F79EFBC}") = "Adobe.Substance.Runtime", "Adobe.Substance.Runtime.csproj", "{F04A1251-B10F-312A-55C3-D6E25024535E}"
EndProject
Global
	GlobalSection(SolutionConfigurationPlatforms) = preSolution
		Debug|Any CPU = Debug|Any CPU
		Release|Any CPU = Release|Any CPU
	EndGlobalSection
	GlobalSection(ProjectConfigurationPlatforms) = postSolution
		{5A19353C-D215-21DE-C21A-D779E788AA93}.Debug|Any CPU.ActiveCfg = Debug|Any CPU
		{5A19353C-D215-21DE-C21A-D779E788AA93}.Debug|Any CPU.Build.0 = Debug|Any CPU
		{5A19353C-D215-21DE-C21A-D779E788AA93}.Release|Any CPU.ActiveCfg = Release|Any CPU
		{5A19353C-D215-21DE-C21A-D779E788AA93}.Release|Any CPU.Build.0 = Release|Any CPU
		{93BE5C4F-D1CB-ACC5-A973-0C53221D5636}.Debug|Any CPU.ActiveCfg = Debug|Any CPU
		{93BE5C4F-D1CB-ACC5-A973-0C53221D5636}.Debug|Any CPU.Build.0 = Debug|Any CPU
		{93BE5C4F-D1CB-ACC5-A973-0C53221D5636}.Release|Any CPU.ActiveCfg = Release|Any CPU
		{93BE5C4F-D1CB-ACC5-A973-0C53221D5636}.Release|Any CPU.Build.0 = Release|Any CPU
		{9F9F4AC5-7361-F3D0-6299-52F8D78418F4}.Debug|Any CPU.ActiveCfg = Debug|Any CPU
		{9F9F4AC5-7361-F3D0-6299-52F8D78418F4}.Debug|Any CPU.Build.0 = Debug|Any CPU
		{9F9F4AC5-7361-F3D0-6299-52F8D78418F4}.Release|Any CPU.ActiveCfg = Release|Any CPU
		{9F9F4AC5-7361-F3D0-6299-52F8D78418F4}.Release|Any CPU.Build.0 = Release|Any CPU
		{2AA93668-27F0-C901-5055-7C0916EBA5BC}.Debug|Any CPU.ActiveCfg = Debug|Any CPU
		{2AA93668-27F0-C901-5055-7C0916EBA5BC}.Debug|Any CPU.Build.0 = Debug|Any CPU
		{2AA93668-27F0-C901-5055-7C0916EBA5BC}.Release|Any CPU.ActiveCfg = Release|Any CPU
		{2AA93668-27F0-C901-5055-7C0916EBA5BC}.Release|Any CPU.Build.0 = Release|Any CPU
		{F04A1251-B10F-312A-55C3-D6E25024535E}.Debug|Any CPU.ActiveCfg = Debug|Any CPU
		{F04A1251-B10F-312A-55C3-D6E25024535E}.Debug|Any CPU.Build.0 = Debug|Any CPU
		{F04A1251-B10F-312A-55C3-D6E25024535E}.Release|Any CPU.ActiveCfg = Release|Any CPU
		{F04A1251-B10F-312A-55C3-D6E25024535E}.Release|Any CPU.Build.0 = Release|Any CPU
	EndGlobalSection
	GlobalSection(SolutionProperties) = preSolution
		HideSolutionNode = FALSE
	EndGlobalSection
EndGlobal
